
Microsoft Visual Studio Solution File, Format Version 12.00
# Visual Studio Version 16
VisualStudioVersion = 25.0.1704.1
MinimumVisualStudioVersion = 10.0.40219.1
Project("{FAE04EC0-301F-11D3-BF4B-00C04F79EFBC}") = "API", "API\API.csproj", "{DC97EEDE-5122-4394-8B53-5C6D72661538}"
EndProject
Global
	GlobalSection(SolutionConfigurationPlatforms) = preSolution
		Debug|Any CPU = Debug|Any CPU
		Release|Any CPU = Release|Any CPU
	EndGlobalSection
	GlobalSection(ProjectConfigurationPlatforms) = postSolution
		{DC97EEDE-5122-4394-8B53-5C6D72661538}.Debug|Any CPU.ActiveCfg = Debug|Any CPU
		{DC97EEDE-5122-4394-8B53-5C6D72661538}.Debug|Any CPU.Build.0 = Debug|Any CPU
		{DC97EEDE-5122-4394-8B53-5C6D72661538}.Release|Any CPU.ActiveCfg = Release|Any CPU
		{DC97EEDE-5122-4394-8B53-5C6D72661538}.Release|Any CPU.Build.0 = Release|Any CPU
	EndGlobalSection
	GlobalSection(SolutionProperties) = preSolution
		HideSolutionNode = FALSE
	EndGlobalSection
	GlobalSection(ExtensibilityGlobals) = postSolution
		SolutionGuid = {4A49BB29-81EA-4717-ACF1-791BD03D8F07}
	EndGlobalSection
EndGlobal
